
Microsoft Visual Studio Solution File, Format Version 12.00
# Visual Studio Version 17
VisualStudioVersion = 17.5.33516.290
MinimumVisualStudioVersion = 10.0.40219.1
Project("{8BC9CEB8-8B4A-11D0-8D11-00A0C91BC942}") = "spaceBalloon", "spaceBalloon.vcxproj", "{1E198E2D-A820-4F47-9259-8D82CABAA162}"
EndProject
Project("{2150E333-8FDC-42A3-9474-1A3956D46DE8}") = "ソリューション項目", "ソリューション項目", "{0BDB52D2-1088-4943-AD84-D7B8C52BE260}"
	ProjectSection(SolutionItems) = preProject
		GlobalVariable.h = GlobalVariable.h
	EndProjectSection
EndProject
Global
	GlobalSection(SolutionConfigurationPlatforms) = preSolution
		Debug|x64 = Debug|x64
		Release|x64 = Release|x64
	EndGlobalSection
	GlobalSection(ProjectConfigurationPlatforms) = postSolution
		{1E198E2D-A820-4F47-9259-8D82CABAA162}.Debug|x64.ActiveCfg = Debug|x64
		{1E198E2D-A820-4F47-9259-8D82CABAA162}.Debug|x64.Build.0 = Debug|x64
		{1E198E2D-A820-4F47-9259-8D82CABAA162}.Release|x64.ActiveCfg = Release|x64
		{1E198E2D-A820-4F47-9259-8D82CABAA162}.Release|x64.Build.0 = Release|x64
	EndGlobalSection
	GlobalSection(SolutionProperties) = preSolution
		HideSolutionNode = FALSE
	EndGlobalSection
	GlobalSection(ExtensibilityGlobals) = postSolution
		SolutionGuid = {B47275CE-ED73-4749-9A26-3B6C67CF4FE4}
	EndGlobalSection
EndGlobal
